// !$*UTF8*$!
{
	archiveVersion = 1;
	classes = {
	};
	objectVersion = 46;
	objects = {

/* Begin PBXBuildFile section */
		FAA3D3EA1D88F70E009A3B4C /* main.m in Sources */ = {isa = PBXBuildFile; fileRef = FAA3D3E91D88F70E009A3B4C /* main.m */; };
		FAA3D3ED1D88F70E009A3B4C /* AppDelegate.m in Sources */ = {isa = PBXBuildFile; fileRef = FAA3D3EC1D88F70E009A3B4C /* AppDelegate.m */; };
		FAA3D3F31D88F70E009A3B4C /* Main.storyboard in Resources */ = {isa = PBXBuildFile; fileRef = FAA3D3F11D88F70E009A3B4C /* Main.storyboard */; };
		FAA3D3F51D88F70E009A3B4C /* Assets.xcassets in Resources */ = {isa = PBXBuildFile; fileRef = FAA3D3F41D88F70E009A3B4C /* Assets.xcassets */; };
		FAA3D3F81D88F70E009A3B4C /* LaunchScreen.storyboard in Resources */ = {isa = PBXBuildFile; fileRef = FAA3D3F61D88F70E009A3B4C /* LaunchScreen.storyboard */; };
		FAA3D4921D88F85D009A3B4C /* icon.png in Resources */ = {isa = PBXBuildFile; fileRef = FAA3D48B1D88F85D009A3B4C /* icon.png */; };
		FAA3D4931D88F85D009A3B4C /* PresentViewController.m in Sources */ = {isa = PBXBuildFile; fileRef = FAA3D48D1D88F85D009A3B4C /* PresentViewController.m */; };
		FAA3D4941D88F85D009A3B4C /* PushViewController.m in Sources */ = {isa = PBXBuildFile; fileRef = FAA3D48F1D88F85D009A3B4C /* PushViewController.m */; };
		FAA3D4951D88F85D009A3B4C /* RootViewController.m in Sources */ = {isa = PBXBuildFile; fileRef = FAA3D4911D88F85D009A3B4C /* RootViewController.m */; };
/* End PBXBuildFile section */

/* Begin PBXFileReference section */
		FAA3D3E51D88F70E009A3B4C /* 任意旋转方案.app */ = {isa = PBXFileReference; explicitFileType = wrapper.application; includeInIndex = 0; path = "任意旋转方案.app"; sourceTree = BUILT_PRODUCTS_DIR; };
		FAA3D3E91D88F70E009A3B4C /* main.m */ = {isa = PBXFileReference; lastKnownFileType = sourcecode.c.objc; path = main.m; sourceTree = "<group>"; };
		FAA3D3EB1D88F70E009A3B4C /* AppDelegate.h */ = {isa = PBXFileReference; lastKnownFileType = sourcecode.c.h; path = AppDelegate.h; sourceTree = "<group>"; };
		FAA3D3EC1D88F70E009A3B4C /* AppDelegate.m */ = {isa = PBXFileReference; lastKnownFileType = sourcecode.c.objc; path = AppDelegate.m; sourceTree = "<group>"; };
		FAA3D3F21D88F70E009A3B4C /* Base */ = {isa = PBXFileReference; lastKnownFileType = file.storyboard; name = Base; path = Base.lproj/Main.storyboard; sourceTree = "<group>"; };
		FAA3D3F41D88F70E009A3B4C /* Assets.xcassets */ = {isa = PBXFileReference; lastKnownFileType = folder.assetcatalog; path = Assets.xcassets; sourceTree = "<group>"; };
		FAA3D3F71D88F70E009A3B4C /* Base */ = {isa = PBXFileReference; lastKnownFileType = file.storyboard; name = Base; path = Base.lproj/LaunchScreen.storyboard; sourceTree = "<group>"; };
		FAA3D3F91D88F70E009A3B4C /* Info.plist */ = {isa = PBXFileReference; lastKnownFileType = text.plist.xml; path = Info.plist; sourceTree = "<group>"; };
		FAA3D48B1D88F85D009A3B4C /* icon.png */ = {isa = PBXFileReference; lastKnownFileType = image.png; path = icon.png; sourceTree = "<group>"; };
		FAA3D48C1D88F85D009A3B4C /* PresentViewController.h */ = {isa = PBXFileReference; fileEncoding = 4; lastKnownFileType = sourcecode.c.h; path = PresentViewController.h; sourceTree = "<group>"; };
		FAA3D48D1D88F85D009A3B4C /* PresentViewController.m */ = {isa = PBXFileReference; fileEncoding = 4; lastKnownFileType = sourcecode.c.objc; path = PresentViewController.m; sourceTree = "<group>"; };
		FAA3D48E1D88F85D009A3B4C /* PushViewController.h */ = {isa = PBXFileReference; fileEncoding = 4; lastKnownFileType = sourcecode.c.h; path = PushViewController.h; sourceTree = "<group>"; };
		FAA3D48F1D88F85D009A3B4C /* PushViewController.m */ = {isa = PBXFileReference; fileEncoding = 4; lastKnownFileType = sourcecode.c.objc; path = PushViewController.m; sourceTree = "<group>"; };
		FAA3D4901D88F85D009A3B4C /* RootViewController.h */ = {isa = PBXFileReference; fileEncoding = 4; lastKnownFileType = sourcecode.c.h; path = RootViewController.h; sourceTree = "<group>"; };
		FAA3D4911D88F85D009A3B4C /* RootViewController.m */ = {isa = PBXFileReference; fileEncoding = 4; lastKnownFileType = sourcecode.c.objc; path = RootViewController.m; sourceTree = "<group>"; };
/* End PBXFileReference section */

/* Begin PBXFrameworksBuildPhase section */
		FAA3D3E21D88F70E009A3B4C /* Frameworks */ = {
			isa = PBXFrameworksBuildPhase;
			buildActionMask = 2147483647;
			files = (
			);
			runOnlyForDeploymentPostprocessing = 0;
		};
/* End PBXFrameworksBuildPhase section */

/* Begin PBXGroup section */
		FAA3D3DC1D88F70E009A3B4C = {
			isa = PBXGroup;
			children = (
				FAA3D3E71D88F70E009A3B4C /* 任意旋转方案 */,
				FAA3D3E61D88F70E009A3B4C /* Products */,
			);
			sourceTree = "<group>";
		};
		FAA3D3E61D88F70E009A3B4C /* Products */ = {
			isa = PBXGroup;
			children = (
				FAA3D3E51D88F70E009A3B4C /* 任意旋转方案.app */,
			);
			name = Products;
			sourceTree = "<group>";
		};
		FAA3D3E71D88F70E009A3B4C /* 任意旋转方案 */ = {
			isa = PBXGroup;
			children = (
				FAA3D4901D88F85D009A3B4C /* RootViewController.h */,
				FAA3D4911D88F85D009A3B4C /* RootViewController.m */,
				FAA3D48E1D88F85D009A3B4C /* PushViewController.h */,
				FAA3D48F1D88F85D009A3B4C /* PushViewController.m */,
				FAA3D48C1D88F85D009A3B4C /* PresentViewController.h */,
				FAA3D48D1D88F85D009A3B4C /* PresentViewController.m */,
				FAA3D3F11D88F70E009A3B4C /* Main.storyboard */,
				FAA3D3F61D88F70E009A3B4C /* LaunchScreen.storyboard */,
				FAA3D3E81D88F70E009A3B4C /* Supporting Files */,
			);
			path = "任意旋转方案";
			sourceTree = "<group>";
		};
		FAA3D3E81D88F70E009A3B4C /* Supporting Files */ = {
			isa = PBXGroup;
			children = (
				FAA3D48B1D88F85D009A3B4C /* icon.png */,
				FAA3D3EB1D88F70E009A3B4C /* AppDelegate.h */,
				FAA3D3EC1D88F70E009A3B4C /* AppDelegate.m */,
				FAA3D3F41D88F70E009A3B4C /* Assets.xcassets */,
				FAA3D3F91D88F70E009A3B4C /* Info.plist */,
				FAA3D3E91D88F70E009A3B4C /* main.m */,
			);
			name = "Supporting Files";
			sourceTree = "<group>";
		};
/* End PBXGroup section */

/* Begin PBXNativeTarget section */
		FAA3D3E41D88F70E009A3B4C /* 任意旋转方案 */ = {
			isa = PBXNativeTarget;
			buildConfigurationList = FAA3D3FC1D88F70E009A3B4C /* Build configuration list for PBXNativeTarget "任意旋转方案" */;
			buildPhases = (
				FAA3D3E11D88F70E009A3B4C /* Sources */,
				FAA3D3E21D88F70E009A3B4C /* Frameworks */,
				FAA3D3E31D88F70E009A3B4C /* Resources */,
			);
			buildRules = (
			);
			dependencies = (
			);
			name = "任意旋转方案";
			productName = "任意旋转方案";
			productReference = FAA3D3E51D88F70E009A3B4C /* 任意旋转方案.app */;
			productType = "com.apple.product-type.application";
		};
/* End PBXNativeTarget section */

/* Begin PBXProject section */
		FAA3D3DD1D88F70E009A3B4C /* Project object */ = {
			isa = PBXProject;
			attributes = {
				LastUpgradeCheck = 0730;
				ORGANIZATIONNAME = "Jinn Chang";
				TargetAttributes = {
					FAA3D3E41D88F70E009A3B4C = {
						CreatedOnToolsVersion = 7.3;
					};
				};
			};
			buildConfigurationList = FAA3D3E01D88F70E009A3B4C /* Build configuration list for PBXProject "任意旋转方案" */;
			compatibilityVersion = "Xcode 3.2";
			developmentRegion = English;
			hasScannedForEncodings = 0;
			knownRegions = (
				en,
				Base,
			);
			mainGroup = FAA3D3DC1D88F70E009A3B4C;
			productRefGroup = FAA3D3E61D88F70E009A3B4C /* Products */;
			projectDirPath = "";
			projectRoot = "";
			targets = (
				FAA3D3E41D88F70E009A3B4C /* 任意旋转方案 */,
			);
		};
/* End PBXProject section */

/* Begin PBXResourcesBuildPhase section */
		FAA3D3E31D88F70E009A3B4C /* Resources */ = {
			isa = PBXResourcesBuildPhase;
			buildActionMask = 2147483647;
			files = (
				FAA3D4921D88F85D009A3B4C /* icon.png in Resources */,
				FAA3D3F81D88F70E009A3B4C /* LaunchScreen.storyboard in Resources */,
				FAA3D3F51D88F70E009A3B4C /* Assets.xcassets in Resources */,
				FAA3D3F31D88F70E009A3B4C /* Main.storyboard in Resources */,
			);
			runOnlyForDeploymentPostprocessing = 0;
		};
/* End PBXResourcesBuildPhase section */

/* Begin PBXSourcesBuildPhase section */
		FAA3D3E11D88F70E009A3B4C /* Sources */ = {
			isa = PBXSourcesBuildPhase;
			buildActionMask = 2147483647;
			files = (
				FAA3D3ED1D88F70E009A3B4C /* AppDelegate.m in Sources */,
				FAA3D3EA1D88F70E009A3B4C /* main.m in Sources */,
				FAA3D4941D88F85D009A3B4C /* PushViewController.m in Sources */,
				FAA3D4931D88F85D009A3B4C /* PresentViewController.m in Sources */,
				FAA3D4951D88F85D009A3B4C /* RootViewController.m in Sources */,
			);
			runOnlyForDeploymentPostprocessing = 0;
		};
/* End PBXSourcesBuildPhase section */

/* Begin PBXVariantGroup section */
		FAA3D3F11D88F70E009A3B4C /* Main.storyboard */ = {
			isa = PBXVariantGroup;
			children = (
				FAA3D3F21D88F70E009A3B4C /* Base */,
			);
			name = Main.storyboard;
			sourceTree = "<group>";
		};
		FAA3D3F61D88F70E009A3B4C /* LaunchScreen.storyboard */ = {
			isa = PBXVariantGroup;
			children = (
				FAA3D3F71D88F70E009A3B4C /* Base */,
			);
			name = LaunchScreen.storyboard;
			sourceTree = "<group>";
		};
/* End PBXVariantGroup section */

/* Begin XCBuildConfiguration section */
		FAA3D3FA1D88F70E009A3B4C /* Debug */ = {
			isa = XCBuildConfiguration;
			buildSettings = {
				ALWAYS_SEARCH_USER_PATHS = NO;
				CLANG_ANALYZER_NONNULL = YES;
				CLANG_CXX_LANGUAGE_STANDARD = "gnu++0x";
				CLANG_CXX_LIBRARY = "libc++";
				CLANG_ENABLE_MODULES = YES;
				CLANG_ENABLE_OBJC_ARC = YES;
				CLANG_WARN_BOOL_CONVERSION = YES;
				CLANG_WARN_CONSTANT_CONVERSION = YES;
				CLANG_WARN_DIRECT_OBJC_ISA_USAGE = YES_ERROR;
				CLANG_WARN_EMPTY_BODY = YES;
				CLANG_WARN_ENUM_CONVERSION = YES;
				CLANG_WARN_INT_CONVERSION = YES;
				CLANG_WARN_OBJC_ROOT_CLASS = YES_ERROR;
				CLANG_WARN_UNREACHABLE_CODE = YES;
				CLANG_WARN__DUPLICATE_METHOD_MATCH = YES;
				"CODE_SIGN_IDENTITY[sdk=iphoneos*]" = "iPhone Developer";
				COPY_PHASE_STRIP = NO;
				DEBUG_INFORMATION_FORMAT = dwarf;
				ENABLE_STRICT_OBJC_MSGSEND = YES;
				ENABLE_TESTABILITY = YES;
				GCC_C_LANGUAGE_STANDARD = gnu99;
				GCC_DYNAMIC_NO_PIC = NO;
				GCC_NO_COMMON_BLOCKS = YES;
				GCC_OPTIMIZATION_LEVEL = 0;
				GCC_PREPROCESSOR_DEFINITIONS = (
					"DEBUG=1",
					"$(inherited)",
				);
				GCC_WARN_64_TO_32_BIT_CONVERSION = YES;
				GCC_WARN_ABOUT_RETURN_TYPE = YES_ERROR;
				GCC_WARN_UNDECLARED_SELECTOR = YES;
				GCC_WARN_UNINITIALIZED_AUTOS = YES_AGGRESSIVE;
				GCC_WARN_UNUSED_FUNCTION = YES;
				GCC_WARN_UNUSED_VARIABLE = YES;
				IPHONEOS_DEPLOYMENT_TARGET = 9.3;
				MTL_ENABLE_DEBUG_INFO = YES;
				ONLY_ACTIVE_ARCH = YES;
				SDKROOT = iphoneos;
				TARGETED_DEVICE_FAMILY = "1,2";
			};
			name = Debug;
		};
		FAA3D3FB1D88F70E009A3B4C /* Release */ = {
			isa = XCBuildConfiguration;
			buildSettings = {
				ALWAYS_SEARCH_USER_PATHS = NO;
				CLANG_ANALYZER_NONNULL = YES;
				CLANG_CXX_LANGUAGE_STANDARD = "gnu++0x";
				CLANG_CXX_LIBRARY = "libc++";
				CLANG_ENABLE_MODULES = YES;
				CLANG_ENABLE_OBJC_ARC = YES;
				CLANG_WARN_BOOL_CONVERSION = YES;
				CLANG_WARN_CONSTANT_CONVERSION = YES;
				CLANG_WARN_DIRECT_OBJC_ISA_USAGE = YES_ERROR;
				CLANG_WARN_EMPTY_BODY = YES;
				CLANG_WARN_ENUM_CONVERSION = YES;
				CLANG_WARN_INT_CONVERSION = YES;
				CLANG_WARN_OBJC_ROOT_CLASS = YES_ERROR;
				CLANG_WARN_UNREACHABLE_CODE = YES;
				CLANG_WARN__DUPLICATE_METHOD_MATCH = YES;
				"CODE_SIGN_IDENTITY[sdk=iphoneos*]" = "iPhone Developer";
				COPY_PHASE_STRIP = NO;
				DEBUG_INFORMATION_FORMAT = "dwarf-with-dsym";
				ENABLE_NS_ASSERTIONS = NO;
				ENABLE_STRICT_OBJC_MSGSEND = YES;
				GCC_C_LANGUAGE_STANDARD = gnu99;
				GCC_NO_COMMON_BLOCKS = YES;
				GCC_WARN_64_TO_32_BIT_CONVERSION = YES;
				GCC_WARN_ABOUT_RETURN_TYPE = YES_ERROR;
				GCC_WARN_UNDECLARED_SELECTOR = YES;
				GCC_WARN_UNINITIALIZED_AUTOS = YES_AGGRESSIVE;
				GCC_WARN_UNUSED_FUNCTION = YES;
				GCC_WARN_UNUSED_VARIABLE = YES;
				IPHONEOS_DEPLOYMENT_TARGET = 9.3;
				MTL_ENABLE_DEBUG_INFO = NO;
				SDKROOT = iphoneos;
				TARGETED_DEVICE_FAMILY = "1,2";
				VALIDATE_PRODUCT = YES;
			};
			name = Release;
		};
		FAA3D3FD1D88F70E009A3B4C /* Debug */ = {
			isa = XCBuildConfiguration;
			buildSettings = {
				ASSETCATALOG_COMPILER_APPICON_NAME = AppIcon;
				INFOPLIST_FILE = "任意旋转方案/Info.plist";
				IPHONEOS_DEPLOYMENT_TARGET = 7.0;
				LD_RUNPATH_SEARCH_PATHS = "$(inherited) @executable_path/Frameworks";
				PRODUCT_BUNDLE_IDENTIFIER = "com.jinnchang.ios-demo";
				PRODUCT_NAME = "$(TARGET_NAME)";
			};
			name = Debug;
		};
		FAA3D3FE1D88F70E009A3B4C /* Release */ = {
			isa = XCBuildConfiguration;
			buildSettings = {
				ASSETCATALOG_COMPILER_APPICON_NAME = AppIcon;
				INFOPLIST_FILE = "任意旋转方案/Info.plist";
				IPHONEOS_DEPLOYMENT_TARGET = 7.0;
				LD_RUNPATH_SEARCH_PATHS = "$(inherited) @executable_path/Frameworks";
				PRODUCT_BUNDLE_IDENTIFIER = "com.jinnchang.ios-demo";
				PRODUCT_NAME = "$(TARGET_NAME)";
			};
			name = Release;
		};
/* End XCBuildConfiguration section */

/* Begin XCConfigurationList section */
		FAA3D3E01D88F70E009A3B4C /* Build configuration list for PBXProject "任意旋转方案" */ = {
			isa = XCConfigurationList;
			buildConfigurations = (
				FAA3D3FA1D88F70E009A3B4C /* Debug */,
				FAA3D3FB1D88F70E009A3B4C /* Release */,
			);
			defaultConfigurationIsVisible = 0;
			defaultConfigurationName = Release;
		};
		FAA3D3FC1D88F70E009A3B4C /* Build configuration list for PBXNativeTarget "任意旋转方案" */ = {
			isa = XCConfigurationList;
			buildConfigurations = (
				FAA3D3FD1D88F70E009A3B4C /* Debug */,
				FAA3D3FE1D88F70E009A3B4C /* Release */,
			);
			defaultConfigurationIsVisible = 0;
			defaultConfigurationName = Release;
		};
/* End XCConfigurationList section */
	};
	rootObject = FAA3D3DD1D88F70E009A3B4C /* Project object */;
}
